
Microsoft Visual Studio Solution File, Format Version 12.00
# Visual Studio Version 16
VisualStudioVersion = 16.0.31624.102
MinimumVisualStudioVersion = 10.0.40219.1
Project("{FAE04EC0-301F-11D3-BF4B-00C04F79EFBC}") = "Pharaoh", "Pharaoh.csproj", "{6C14D44B-7F46-4ABC-956F-743C3765C940}"
EndProject
Global
	GlobalSection(SolutionConfigurationPlatforms) = preSolution
		Debug|Any CPU = Debug|Any CPU
		Release|Any CPU = Release|Any CPU
	EndGlobalSection
	GlobalSection(ProjectConfigurationPlatforms) = postSolution
		{6C14D44B-7F46-4ABC-956F-743C3765C940}.Debug|Any CPU.ActiveCfg = Debug|Any CPU
		{6C14D44B-7F46-4ABC-956F-743C3765C940}.Debug|Any CPU.Build.0 = Debug|Any CPU
		{6C14D44B-7F46-4ABC-956F-743C3765C940}.Release|Any CPU.ActiveCfg = Release|Any CPU
		{6C14D44B-7F46-4ABC-956F-743C3765C940}.Release|Any CPU.Build.0 = Release|Any CPU
	EndGlobalSection
	GlobalSection(SolutionProperties) = preSolution
		HideSolutionNode = FALSE
	EndGlobalSection
	GlobalSection(ExtensibilityGlobals) = postSolution
		SolutionGuid = {80C3C9A5-2AEC-45F9-9503-630F39B748CD}
	EndGlobalSection
EndGlobal
